
Microsoft Visual Studio Solution File, Format Version 12.00
# Visual Studio 15
VisualStudioVersion = 15.0.28010.2036
MinimumVisualStudioVersion = 10.0.40219.1
Project("{8BC9CEB8-8B4A-11D0-8D11-00A0C91BC942}") = "Project 1 original", "Project 1 original\Project 1 original.vcxproj", "{1F6CDA85-098C-40CF-84FE-FFED3C791BF3}"
EndProject
Global
	GlobalSection(SolutionConfigurationPlatforms) = preSolution
		Debug|x64 = Debug|x64
		Debug|x86 = Debug|x86
		Release|x64 = Release|x64
		Release|x86 = Release|x86
	EndGlobalSection
	GlobalSection(ProjectConfigurationPlatforms) = postSolution
		{1F6CDA85-098C-40CF-84FE-FFED3C791BF3}.Debug|x64.ActiveCfg = Debug|x64
		{1F6CDA85-098C-40CF-84FE-FFED3C791BF3}.Debug|x64.Build.0 = Debug|x64
		{1F6CDA85-098C-40CF-84FE-FFED3C791BF3}.Debug|x86.ActiveCfg = Debug|Win32
		{1F6CDA85-098C-40CF-84FE-FFED3C791BF3}.Debug|x86.Build.0 = Debug|Win32
		{1F6CDA85-098C-40CF-84FE-FFED3C791BF3}.Release|x64.ActiveCfg = Release|x64
		{1F6CDA85-098C-40CF-84FE-FFED3C791BF3}.Release|x64.Build.0 = Release|x64
		{1F6CDA85-098C-40CF-84FE-FFED3C791BF3}.Release|x86.ActiveCfg = Release|Win32
		{1F6CDA85-098C-40CF-84FE-FFED3C791BF3}.Release|x86.Build.0 = Release|Win32
	EndGlobalSection
	GlobalSection(SolutionProperties) = preSolution
		HideSolutionNode = FALSE
	EndGlobalSection
	GlobalSection(ExtensibilityGlobals) = postSolution
		SolutionGuid = {7D0FA476-8AB3-4C84-A757-971BD9980A7A}
	EndGlobalSection
EndGlobal
